// !$*UTF8*$!
{
	archiveVersion = 1;
	classes = {
	};
	objectVersion = 56;
	objects = {

/* Begin PBXBuildFile section */
		18220CE82BDD02DF006D9E21 /* AppDelegate.swift in Sources */ = {isa = PBXBuildFile; fileRef = 18220CE72BDD02DF006D9E21 /* AppDelegate.swift */; };
		18220CEA2BDD02DF006D9E21 /* SceneDelegate.swift in Sources */ = {isa = PBXBuildFile; fileRef = 18220CE92BDD02DF006D9E21 /* SceneDelegate.swift */; };
		18220CEC2BDD02DF006D9E21 /* ViewController.swift in Sources */ = {isa = PBXBuildFile; fileRef = 18220CEB2BDD02DF006D9E21 /* ViewController.swift */; };
		18220CEF2BDD02DF006D9E21 /* Base in Resources */ = {isa = PBXBuildFile; fileRef = 18220CEE2BDD02DF006D9E21 /* Base */; };
		18220CF12BDD02E0006D9E21 /* Assets.xcassets in Resources */ = {isa = PBXBuildFile; fileRef = 18220CF02BDD02E0006D9E21 /* Assets.xcassets */; };
		18220CF42BDD02E0006D9E21 /* Base in Resources */ = {isa = PBXBuildFile; fileRef = 18220CF32BDD02E0006D9E21 /* Base */; };
		18220CFC2BDD0535006D9E21 /* FoodCollectionViewController.swift in Sources */ = {isa = PBXBuildFile; fileRef = 18220CFB2BDD0535006D9E21 /* FoodCollectionViewController.swift */; };
		18220D002BDD056E006D9E21 /* DetailedViewController.swift in Sources */ = {isa = PBXBuildFile; fileRef = 18220CFF2BDD056E006D9E21 /* DetailedViewController.swift */; };
		18220D022BDD9D95006D9E21 /* ApplicationData.swift in Sources */ = {isa = PBXBuildFile; fileRef = 18220D012BDD9D94006D9E21 /* ApplicationData.swift */; };
		187EC4152BDE23E500A801AC /* MySplitViewController.swift in Sources */ = {isa = PBXBuildFile; fileRef = 187EC4142BDE23E500A801AC /* MySplitViewController.swift */; };
/* End PBXBuildFile section */

/* Begin PBXFileReference section */
		18220CE42BDD02DF006D9E21 /* SplitViewController.app */ = {isa = PBXFileReference; explicitFileType = wrapper.application; includeInIndex = 0; path = SplitViewController.app; sourceTree = BUILT_PRODUCTS_DIR; };
		18220CE72BDD02DF006D9E21 /* AppDelegate.swift */ = {isa = PBXFileReference; lastKnownFileType = sourcecode.swift; path = AppDelegate.swift; sourceTree = "<group>"; };
		18220CE92BDD02DF006D9E21 /* SceneDelegate.swift */ = {isa = PBXFileReference; lastKnownFileType = sourcecode.swift; path = SceneDelegate.swift; sourceTree = "<group>"; };
		18220CEB2BDD02DF006D9E21 /* ViewController.swift */ = {isa = PBXFileReference; lastKnownFileType = sourcecode.swift; path = ViewController.swift; sourceTree = "<group>"; };
		18220CEE2BDD02DF006D9E21 /* Base */ = {isa = PBXFileReference; lastKnownFileType = file.storyboard; name = Base; path = Base.lproj/Main.storyboard; sourceTree = "<group>"; };
		18220CF02BDD02E0006D9E21 /* Assets.xcassets */ = {isa = PBXFileReference; lastKnownFileType = folder.assetcatalog; path = Assets.xcassets; sourceTree = "<group>"; };
		18220CF32BDD02E0006D9E21 /* Base */ = {isa = PBXFileReference; lastKnownFileType = file.storyboard; name = Base; path = Base.lproj/LaunchScreen.storyboard; sourceTree = "<group>"; };
		18220CF52BDD02E0006D9E21 /* Info.plist */ = {isa = PBXFileReference; lastKnownFileType = text.plist.xml; path = Info.plist; sourceTree = "<group>"; };
		18220CFB2BDD0535006D9E21 /* FoodCollectionViewController.swift */ = {isa = PBXFileReference; lastKnownFileType = sourcecode.swift; path = FoodCollectionViewController.swift; sourceTree = "<group>"; };
		18220CFF2BDD056E006D9E21 /* DetailedViewController.swift */ = {isa = PBXFileReference; lastKnownFileType = sourcecode.swift; path = DetailedViewController.swift; sourceTree = "<group>"; };
		18220D012BDD9D94006D9E21 /* ApplicationData.swift */ = {isa = PBXFileReference; lastKnownFileType = sourcecode.swift; path = ApplicationData.swift; sourceTree = "<group>"; };
		187EC4142BDE23E500A801AC /* MySplitViewController.swift */ = {isa = PBXFileReference; lastKnownFileType = sourcecode.swift; path = MySplitViewController.swift; sourceTree = "<group>"; };
/* End PBXFileReference section */

/* Begin PBXFrameworksBuildPhase section */
		18220CE12BDD02DF006D9E21 /* Frameworks */ = {
			isa = PBXFrameworksBuildPhase;
			buildActionMask = 2147483647;
			files = (
			);
			runOnlyForDeploymentPostprocessing = 0;
		};
/* End PBXFrameworksBuildPhase section */

/* Begin PBXGroup section */
		18220CDB2BDD02DF006D9E21 = {
			isa = PBXGroup;
			children = (
				18220CE62BDD02DF006D9E21 /* SplitViewController */,
				18220CE52BDD02DF006D9E21 /* Products */,
			);
			sourceTree = "<group>";
		};
		18220CE52BDD02DF006D9E21 /* Products */ = {
			isa = PBXGroup;
			children = (
				18220CE42BDD02DF006D9E21 /* SplitViewController.app */,
			);
			name = Products;
			sourceTree = "<group>";
		};
		18220CE62BDD02DF006D9E21 /* SplitViewController */ = {
			isa = PBXGroup;
			children = (
				18220CE72BDD02DF006D9E21 /* AppDelegate.swift */,
				18220CE92BDD02DF006D9E21 /* SceneDelegate.swift */,
				18220CEB2BDD02DF006D9E21 /* ViewController.swift */,
				18220CFF2BDD056E006D9E21 /* DetailedViewController.swift */,
				18220CFB2BDD0535006D9E21 /* FoodCollectionViewController.swift */,
				187EC4142BDE23E500A801AC /* MySplitViewController.swift */,
				18220D012BDD9D94006D9E21 /* ApplicationData.swift */,
				18220CED2BDD02DF006D9E21 /* Main.storyboard */,
				18220CF02BDD02E0006D9E21 /* Assets.xcassets */,
				18220CF22BDD02E0006D9E21 /* LaunchScreen.storyboard */,
				18220CF52BDD02E0006D9E21 /* Info.plist */,
			);
			path = SplitViewController;
			sourceTree = "<group>";
		};
/* End PBXGroup section */

/* Begin PBXNativeTarget section */
		18220CE32BDD02DF006D9E21 /* SplitViewController */ = {
			isa = PBXNativeTarget;
			buildConfigurationList = 18220CF82BDD02E0006D9E21 /* Build configuration list for PBXNativeTarget "SplitViewController" */;
			buildPhases = (
				18220CE02BDD02DF006D9E21 /* Sources */,
				18220CE12BDD02DF006D9E21 /* Frameworks */,
				18220CE22BDD02DF006D9E21 /* Resources */,
			);
			buildRules = (
			);
			dependencies = (
			);
			name = SplitViewController;
			productName = SplitViewController;
			productReference = 18220CE42BDD02DF006D9E21 /* SplitViewController.app */;
			productType = "com.apple.product-type.application";
		};
/* End PBXNativeTarget section */

/* Begin PBXProject section */
		18220CDC2BDD02DF006D9E21 /* Project object */ = {
			isa = PBXProject;
			attributes = {
				BuildIndependentTargetsInParallel = 1;
				LastSwiftUpdateCheck = 1530;
				LastUpgradeCheck = 1530;
				TargetAttributes = {
					18220CE32BDD02DF006D9E21 = {
						CreatedOnToolsVersion = 15.3;
					};
				};
			};
			buildConfigurationList = 18220CDF2BDD02DF006D9E21 /* Build configuration list for PBXProject "SplitViewController" */;
			compatibilityVersion = "Xcode 14.0";
			developmentRegion = en;
			hasScannedForEncodings = 0;
			knownRegions = (
				en,
				Base,
			);
			mainGroup = 18220CDB2BDD02DF006D9E21;
			productRefGroup = 18220CE52BDD02DF006D9E21 /* Products */;
			projectDirPath = "";
			projectRoot = "";
			targets = (
				18220CE32BDD02DF006D9E21 /* SplitViewController */,
			);
		};
/* End PBXProject section */

/* Begin PBXResourcesBuildPhase section */
		18220CE22BDD02DF006D9E21 /* Resources */ = {
			isa = PBXResourcesBuildPhase;
			buildActionMask = 2147483647;
			files = (
				18220CF12BDD02E0006D9E21 /* Assets.xcassets in Resources */,
				18220CF42BDD02E0006D9E21 /* Base in Resources */,
				18220CEF2BDD02DF006D9E21 /* Base in Resources */,
			);
			runOnlyForDeploymentPostprocessing = 0;
		};
/* End PBXResourcesBuildPhase section */

/* Begin PBXSourcesBuildPhase section */
		18220CE02BDD02DF006D9E21 /* Sources */ = {
			isa = PBXSourcesBuildPhase;
			buildActionMask = 2147483647;
			files = (
				18220D022BDD9D95006D9E21 /* ApplicationData.swift in Sources */,
				18220CFC2BDD0535006D9E21 /* FoodCollectionViewController.swift in Sources */,
				187EC4152BDE23E500A801AC /* MySplitViewController.swift in Sources */,
				18220CEC2BDD02DF006D9E21 /* ViewController.swift in Sources */,
				18220D002BDD056E006D9E21 /* DetailedViewController.swift in Sources */,
				18220CE82BDD02DF006D9E21 /* AppDelegate.swift in Sources */,
				18220CEA2BDD02DF006D9E21 /* SceneDelegate.swift in Sources */,
			);
			runOnlyForDeploymentPostprocessing = 0;
		};
/* End PBXSourcesBuildPhase section */

/* Begin PBXVariantGroup section */
		18220CED2BDD02DF006D9E21 /* Main.storyboard */ = {
			isa = PBXVariantGroup;
			children = (
				18220CEE2BDD02DF006D9E21 /* Base */,
			);
			name = Main.storyboard;
			sourceTree = "<group>";
		};
		18220CF22BDD02E0006D9E21 /* LaunchScreen.storyboard */ = {
			isa = PBXVariantGroup;
			children = (
				18220CF32BDD02E0006D9E21 /* Base */,
			);
			name = LaunchScreen.storyboard;
			sourceTree = "<group>";
		};
/* End PBXVariantGroup section */

/* Begin XCBuildConfiguration section */
		18220CF62BDD02E0006D9E21 /* Debug */ = {
			isa = XCBuildConfiguration;
			buildSettings = {
				ALWAYS_SEARCH_USER_PATHS = NO;
				ASSETCATALOG_COMPILER_GENERATE_SWIFT_ASSET_SYMBOL_EXTENSIONS = YES;
				CLANG_ANALYZER_NONNULL = YES;
				CLANG_ANALYZER_NUMBER_OBJECT_CONVERSION = YES_AGGRESSIVE;
				CLANG_CXX_LANGUAGE_STANDARD = "gnu++20";
				CLANG_ENABLE_MODULES = YES;
				CLANG_ENABLE_OBJC_ARC = YES;
				CLANG_ENABLE_OBJC_WEAK = YES;
				CLANG_WARN_BLOCK_CAPTURE_AUTORELEASING = YES;
				CLANG_WARN_BOOL_CONVERSION = YES;
				CLANG_WARN_COMMA = YES;
				CLANG_WARN_CONSTANT_CONVERSION = YES;
				CLANG_WARN_DEPRECATED_OBJC_IMPLEMENTATIONS = YES;
				CLANG_WARN_DIRECT_OBJC_ISA_USAGE = YES_ERROR;
				CLANG_WARN_DOCUMENTATION_COMMENTS = YES;
				CLANG_WARN_EMPTY_BODY = YES;
				CLANG_WARN_ENUM_CONVERSION = YES;
				CLANG_WARN_INFINITE_RECURSION = YES;
				CLANG_WARN_INT_CONVERSION = YES;
				CLANG_WARN_NON_LITERAL_NULL_CONVERSION = YES;
				CLANG_WARN_OBJC_IMPLICIT_RETAIN_SELF = YES;
				CLANG_WARN_OBJC_LITERAL_CONVERSION = YES;
				CLANG_WARN_OBJC_ROOT_CLASS = YES_ERROR;
				CLANG_WARN_QUOTED_INCLUDE_IN_FRAMEWORK_HEADER = YES;
				CLANG_WARN_RANGE_LOOP_ANALYSIS = YES;
				CLANG_WARN_STRICT_PROTOTYPES = YES;
				CLANG_WARN_SUSPICIOUS_MOVE = YES;
				CLANG_WARN_UNGUARDED_AVAILABILITY = YES_AGGRESSIVE;
				CLANG_WARN_UNREACHABLE_CODE = YES;
				CLANG_WARN__DUPLICATE_METHOD_MATCH = YES;
				COPY_PHASE_STRIP = NO;
				DEBUG_INFORMATION_FORMAT = dwarf;
				ENABLE_STRICT_OBJC_MSGSEND = YES;
				ENABLE_TESTABILITY = YES;
				ENABLE_USER_SCRIPT_SANDBOXING = YES;
				GCC_C_LANGUAGE_STANDARD = gnu17;
				GCC_DYNAMIC_NO_PIC = NO;
				GCC_NO_COMMON_BLOCKS = YES;
				GCC_OPTIMIZATION_LEVEL = 0;
				GCC_PREPROCESSOR_DEFINITIONS = (
					"DEBUG=1",
					"$(inherited)",
				);
				GCC_WARN_64_TO_32_BIT_CONVERSION = YES;
				GCC_WARN_ABOUT_RETURN_TYPE = YES_ERROR;
				GCC_WARN_UNDECLARED_SELECTOR = YES;
				GCC_WARN_UNINITIALIZED_AUTOS = YES_AGGRESSIVE;
				GCC_WARN_UNUSED_FUNCTION = YES;
				GCC_WARN_UNUSED_VARIABLE = YES;
				IPHONEOS_DEPLOYMENT_TARGET = 17.4;
				LOCALIZATION_PREFERS_STRING_CATALOGS = YES;
				MTL_ENABLE_DEBUG_INFO = INCLUDE_SOURCE;
				MTL_FAST_MATH = YES;
				ONLY_ACTIVE_ARCH = YES;
				SDKROOT = iphoneos;
				SWIFT_ACTIVE_COMPILATION_CONDITIONS = "DEBUG $(inherited)";
				SWIFT_OPTIMIZATION_LEVEL = "-Onone";
			};
			name = Debug;
		};
		18220CF72BDD02E0006D9E21 /* Release */ = {
			isa = XCBuildConfiguration;
			buildSettings = {
				ALWAYS_SEARCH_USER_PATHS = NO;
				ASSETCATALOG_COMPILER_GENERATE_SWIFT_ASSET_SYMBOL_EXTENSIONS = YES;
				CLANG_ANALYZER_NONNULL = YES;
				CLANG_ANALYZER_NUMBER_OBJECT_CONVERSION = YES_AGGRESSIVE;
				CLANG_CXX_LANGUAGE_STANDARD = "gnu++20";
				CLANG_ENABLE_MODULES = YES;
				CLANG_ENABLE_OBJC_ARC = YES;
				CLANG_ENABLE_OBJC_WEAK = YES;
				CLANG_WARN_BLOCK_CAPTURE_AUTORELEASING = YES;
				CLANG_WARN_BOOL_CONVERSION = YES;
				CLANG_WARN_COMMA = YES;
				CLANG_WARN_CONSTANT_CONVERSION = YES;
				CLANG_WARN_DEPRECATED_OBJC_IMPLEMENTATIONS = YES;
				CLANG_WARN_DIRECT_OBJC_ISA_USAGE = YES_ERROR;
				CLANG_WARN_DOCUMENTATION_COMMENTS = YES;
				CLANG_WARN_EMPTY_BODY = YES;
				CLANG_WARN_ENUM_CONVERSION = YES;
				CLANG_WARN_INFINITE_RECURSION = YES;
				CLANG_WARN_INT_CONVERSION = YES;
				CLANG_WARN_NON_LITERAL_NULL_CONVERSION = YES;
				CLANG_WARN_OBJC_IMPLICIT_RETAIN_SELF = YES;
				CLANG_WARN_OBJC_LITERAL_CONVERSION = YES;
				CLANG_WARN_OBJC_ROOT_CLASS = YES_ERROR;
				CLANG_WARN_QUOTED_INCLUDE_IN_FRAMEWORK_HEADER = YES;
				CLANG_WARN_RANGE_LOOP_ANALYSIS = YES;
				CLANG_WARN_STRICT_PROTOTYPES = YES;
				CLANG_WARN_SUSPICIOUS_MOVE = YES;
				CLANG_WARN_UNGUARDED_AVAILABILITY = YES_AGGRESSIVE;
				CLANG_WARN_UNREACHABLE_CODE = YES;
				CLANG_WARN__DUPLICATE_METHOD_MATCH = YES;
				COPY_PHASE_STRIP = NO;
				DEBUG_INFORMATION_FORMAT = "dwarf-with-dsym";
				ENABLE_NS_ASSERTIONS = NO;
				ENABLE_STRICT_OBJC_MSGSEND = YES;
				ENABLE_USER_SCRIPT_SANDBOXING = YES;
				GCC_C_LANGUAGE_STANDARD = gnu17;
				GCC_NO_COMMON_BLOCKS = YES;
				GCC_WARN_64_TO_32_BIT_CONVERSION = YES;
				GCC_WARN_ABOUT_RETURN_TYPE = YES_ERROR;
				GCC_WARN_UNDECLARED_SELECTOR = YES;
				GCC_WARN_UNINITIALIZED_AUTOS = YES_AGGRESSIVE;
				GCC_WARN_UNUSED_FUNCTION = YES;
				GCC_WARN_UNUSED_VARIABLE = YES;
				IPHONEOS_DEPLOYMENT_TARGET = 17.4;
				LOCALIZATION_PREFERS_STRING_CATALOGS = YES;
				MTL_ENABLE_DEBUG_INFO = NO;
				MTL_FAST_MATH = YES;
				SDKROOT = iphoneos;
				SWIFT_COMPILATION_MODE = wholemodule;
				VALIDATE_PRODUCT = YES;
			};
			name = Release;
		};
		18220CF92BDD02E0006D9E21 /* Debug */ = {
			isa = XCBuildConfiguration;
			buildSettings = {
				ASSETCATALOG_COMPILER_APPICON_NAME = AppIcon;
				ASSETCATALOG_COMPILER_GLOBAL_ACCENT_COLOR_NAME = AccentColor;
				CODE_SIGN_STYLE = Automatic;
				CURRENT_PROJECT_VERSION = 1;
				DEVELOPMENT_TEAM = 8Z922647CC;
				GENERATE_INFOPLIST_FILE = YES;
				INFOPLIST_FILE = SplitViewController/Info.plist;
				INFOPLIST_KEY_UIApplicationSupportsIndirectInputEvents = YES;
				INFOPLIST_KEY_UILaunchStoryboardName = LaunchScreen;
				INFOPLIST_KEY_UIMainStoryboardFile = Main;
				INFOPLIST_KEY_UISupportedInterfaceOrientations_iPad = "UIInterfaceOrientationPortrait UIInterfaceOrientationPortraitUpsideDown UIInterfaceOrientationLandscapeLeft UIInterfaceOrientationLandscapeRight";
				INFOPLIST_KEY_UISupportedInterfaceOrientations_iPhone = "UIInterfaceOrientationPortrait UIInterfaceOrientationLandscapeLeft UIInterfaceOrientationLandscapeRight";
				LD_RUNPATH_SEARCH_PATHS = (
					"$(inherited)",
					"@executable_path/Frameworks",
				);
				MARKETING_VERSION = 1.0;
				PRODUCT_BUNDLE_IDENTIFIER = com.sumanthacademy.SplitViewController;
				PRODUCT_NAME = "$(TARGET_NAME)";
				SWIFT_EMIT_LOC_STRINGS = YES;
				SWIFT_VERSION = 5.0;
				TARGETED_DEVICE_FAMILY = "1,2";
			};
			name = Debug;
		};
		18220CFA2BDD02E0006D9E21 /* Release */ = {
			isa = XCBuildConfiguration;
			buildSettings = {
				ASSETCATALOG_COMPILER_APPICON_NAME = AppIcon;
				ASSETCATALOG_COMPILER_GLOBAL_ACCENT_COLOR_NAME = AccentColor;
				CODE_SIGN_STYLE = Automatic;
				CURRENT_PROJECT_VERSION = 1;
				DEVELOPMENT_TEAM = 8Z922647CC;
				GENERATE_INFOPLIST_FILE = YES;
				INFOPLIST_FILE = SplitViewController/Info.plist;
				INFOPLIST_KEY_UIApplicationSupportsIndirectInputEvents = YES;
				INFOPLIST_KEY_UILaunchStoryboardName = LaunchScreen;
				INFOPLIST_KEY_UIMainStoryboardFile = Main;
				INFOPLIST_KEY_UISupportedInterfaceOrientations_iPad = "UIInterfaceOrientationPortrait UIInterfaceOrientationPortraitUpsideDown UIInterfaceOrientationLandscapeLeft UIInterfaceOrientationLandscapeRight";
				INFOPLIST_KEY_UISupportedInterfaceOrientations_iPhone = "UIInterfaceOrientationPortrait UIInterfaceOrientationLandscapeLeft UIInterfaceOrientationLandscapeRight";
				LD_RUNPATH_SEARCH_PATHS = (
					"$(inherited)",
					"@executable_path/Frameworks",
				);
				MARKETING_VERSION = 1.0;
				PRODUCT_BUNDLE_IDENTIFIER = com.sumanthacademy.SplitViewController;
				PRODUCT_NAME = "$(TARGET_NAME)";
				SWIFT_EMIT_LOC_STRINGS = YES;
				SWIFT_VERSION = 5.0;
				TARGETED_DEVICE_FAMILY = "1,2";
			};
			name = Release;
		};
/* End XCBuildConfiguration section */

/* Begin XCConfigurationList section */
		18220CDF2BDD02DF006D9E21 /* Build configuration list for PBXProject "SplitViewController" */ = {
			isa = XCConfigurationList;
			buildConfigurations = (
				18220CF62BDD02E0006D9E21 /* Debug */,
				18220CF72BDD02E0006D9E21 /* Release */,
			);
			defaultConfigurationIsVisible = 0;
			defaultConfigurationName = Release;
		};
		18220CF82BDD02E0006D9E21 /* Build configuration list for PBXNativeTarget "SplitViewController" */ = {
			isa = XCConfigurationList;
			buildConfigurations = (
				18220CF92BDD02E0006D9E21 /* Debug */,
				18220CFA2BDD02E0006D9E21 /* Release */,
			);
			defaultConfigurationIsVisible = 0;
			defaultConfigurationName = Release;
		};
/* End XCConfigurationList section */
	};
	rootObject = 18220CDC2BDD02DF006D9E21 /* Project object */;
}
